
Microsoft Visual Studio Solution File, Format Version 12.00
# Visual Studio Version 16
VisualStudioVersion = 16.0.30413.136
MinimumVisualStudioVersion = 10.0.40219.1
Project("{FAE04EC0-301F-11D3-BF4B-00C04F79EFBC}") = "M226A_B01_1b", "M226A_B01_1b\M226A_B01_1b.csproj", "{8ABAA197-E9EC-4365-A109-4BC8718FE6CD}"
EndProject
Global
	GlobalSection(SolutionConfigurationPlatforms) = preSolution
		Debug|Any CPU = Debug|Any CPU
		Release|Any CPU = Release|Any CPU
	EndGlobalSection
	GlobalSection(ProjectConfigurationPlatforms) = postSolution
		{8ABAA197-E9EC-4365-A109-4BC8718FE6CD}.Debug|Any CPU.ActiveCfg = Debug|Any CPU
		{8ABAA197-E9EC-4365-A109-4BC8718FE6CD}.Debug|Any CPU.Build.0 = Debug|Any CPU
		{8ABAA197-E9EC-4365-A109-4BC8718FE6CD}.Release|Any CPU.ActiveCfg = Release|Any CPU
		{8ABAA197-E9EC-4365-A109-4BC8718FE6CD}.Release|Any CPU.Build.0 = Release|Any CPU
	EndGlobalSection
	GlobalSection(SolutionProperties) = preSolution
		HideSolutionNode = FALSE
	EndGlobalSection
	GlobalSection(ExtensibilityGlobals) = postSolution
		SolutionGuid = {1F36DED2-7A1B-41E8-B3A7-D95610012D86}
	EndGlobalSection
EndGlobal
